
Microsoft Visual Studio Solution File, Format Version 12.00
# Visual Studio Version 16
VisualStudioVersion = 25.0.1705.4
MinimumVisualStudioVersion = 10.0.40219.1
Project("{FAE04EC0-301F-11D3-BF4B-00C04F79EFBC}") = "DIExamples", "DIExamples\DIExamples.csproj", "{2BC1A12A-05A1-4AF2-B177-7180D9040FEB}"
EndProject
Global
	GlobalSection(SolutionConfigurationPlatforms) = preSolution
		Debug|Any CPU = Debug|Any CPU
		Release|Any CPU = Release|Any CPU
	EndGlobalSection
	GlobalSection(ProjectConfigurationPlatforms) = postSolution
		{2BC1A12A-05A1-4AF2-B177-7180D9040FEB}.Debug|Any CPU.ActiveCfg = Debug|Any CPU
		{2BC1A12A-05A1-4AF2-B177-7180D9040FEB}.Debug|Any CPU.Build.0 = Debug|Any CPU
		{2BC1A12A-05A1-4AF2-B177-7180D9040FEB}.Release|Any CPU.ActiveCfg = Release|Any CPU
		{2BC1A12A-05A1-4AF2-B177-7180D9040FEB}.Release|Any CPU.Build.0 = Release|Any CPU
	EndGlobalSection
	GlobalSection(SolutionProperties) = preSolution
		HideSolutionNode = FALSE
	EndGlobalSection
	GlobalSection(ExtensibilityGlobals) = postSolution
		SolutionGuid = {6CD1F8E2-37F7-4C50-9F25-94EE85BCAD54}
	EndGlobalSection
EndGlobal
